# This file is automatically @generated by Cargo.
# It is not intended for manual editing.
version = 3

[[package]]
name = "flipperzero"
version = "0.2.0-alpha"
dependencies = [
 "flipperzero-sys",
]

[[package]]
name = "flipperzero-sys"
version = "0.2.0-alpha"

[[package]]
name = "hello_rust"
version = "0.1.0"
dependencies = [
 "flipperzero",
 "flipperzero-sys",
]
